// !$*UTF8*$!
{
	archiveVersion = 1;
	classes = {
	};
	objectVersion = 50;
	objects = {

/* Begin PBXBuildFile section */
		5C21C11522F196960066C82D /* CustomCorners.swift in Sources */ = {isa = PBXBuildFile; fileRef = 5C21C11422F196960066C82D /* CustomCorners.swift */; };
		5CC682AA22F1257600B42DC2 /* AppDelegate.swift in Sources */ = {isa = PBXBuildFile; fileRef = 5CC682A922F1257600B42DC2 /* AppDelegate.swift */; };
		5CC682AF22F1257600B42DC2 /* Main.storyboard in Resources */ = {isa = PBXBuildFile; fileRef = 5CC682AD22F1257600B42DC2 /* Main.storyboard */; };
		5CC682B122F1257600B42DC2 /* Assets.xcassets in Resources */ = {isa = PBXBuildFile; fileRef = 5CC682B022F1257600B42DC2 /* Assets.xcassets */; };
		5CC682B422F1257600B42DC2 /* LaunchScreen.storyboard in Resources */ = {isa = PBXBuildFile; fileRef = 5CC682B222F1257600B42DC2 /* LaunchScreen.storyboard */; };
		5CC682BC22F1263C00B42DC2 /* Agenda.swift in Sources */ = {isa = PBXBuildFile; fileRef = 5CC682BB22F1263B00B42DC2 /* Agenda.swift */; };
		5CC682BE22F1287A00B42DC2 /* AgnedaTableViewController.swift in Sources */ = {isa = PBXBuildFile; fileRef = 5CC682BD22F1287A00B42DC2 /* AgnedaTableViewController.swift */; };
		5CC682C022F13C1000B42DC2 /* AgendaTableViewCell.swift in Sources */ = {isa = PBXBuildFile; fileRef = 5CC682BF22F13C1000B42DC2 /* AgendaTableViewCell.swift */; };
		9914AA8F23170D8400419C9B /* csv.swift in Sources */ = {isa = PBXBuildFile; fileRef = 9914AA8E23170D8400419C9B /* csv.swift */; };
		9950B732231746F7003AB9A7 /* agenda.csv in Resources */ = {isa = PBXBuildFile; fileRef = 9950B731231746F7003AB9A7 /* agenda.csv */; };
/* End PBXBuildFile section */

/* Begin PBXFileReference section */
		5C21C11422F196960066C82D /* CustomCorners.swift */ = {isa = PBXFileReference; lastKnownFileType = sourcecode.swift; path = CustomCorners.swift; sourceTree = "<group>"; };
		5CC682A622F1257600B42DC2 /* AgendaPage.app */ = {isa = PBXFileReference; explicitFileType = wrapper.application; includeInIndex = 0; path = AgendaPage.app; sourceTree = BUILT_PRODUCTS_DIR; };
		5CC682A922F1257600B42DC2 /* AppDelegate.swift */ = {isa = PBXFileReference; lastKnownFileType = sourcecode.swift; path = AppDelegate.swift; sourceTree = "<group>"; };
		5CC682AE22F1257600B42DC2 /* Base */ = {isa = PBXFileReference; lastKnownFileType = file.storyboard; name = Base; path = Base.lproj/Main.storyboard; sourceTree = "<group>"; };
		5CC682B022F1257600B42DC2 /* Assets.xcassets */ = {isa = PBXFileReference; lastKnownFileType = folder.assetcatalog; path = Assets.xcassets; sourceTree = "<group>"; };
		5CC682B322F1257600B42DC2 /* Base */ = {isa = PBXFileReference; lastKnownFileType = file.storyboard; name = Base; path = Base.lproj/LaunchScreen.storyboard; sourceTree = "<group>"; };
		5CC682B522F1257600B42DC2 /* Info.plist */ = {isa = PBXFileReference; lastKnownFileType = text.plist.xml; path = Info.plist; sourceTree = "<group>"; };
		5CC682BB22F1263B00B42DC2 /* Agenda.swift */ = {isa = PBXFileReference; fileEncoding = 4; lastKnownFileType = sourcecode.swift; path = Agenda.swift; sourceTree = "<group>"; };
		5CC682BD22F1287A00B42DC2 /* AgnedaTableViewController.swift */ = {isa = PBXFileReference; lastKnownFileType = sourcecode.swift; path = AgnedaTableViewController.swift; sourceTree = "<group>"; };
		5CC682BF22F13C1000B42DC2 /* AgendaTableViewCell.swift */ = {isa = PBXFileReference; lastKnownFileType = sourcecode.swift; path = AgendaTableViewCell.swift; sourceTree = "<group>"; };
		9914AA8E23170D8400419C9B /* csv.swift */ = {isa = PBXFileReference; lastKnownFileType = sourcecode.swift; path = csv.swift; sourceTree = "<group>"; };
		9950B731231746F7003AB9A7 /* agenda.csv */ = {isa = PBXFileReference; fileEncoding = 4; lastKnownFileType = text; path = agenda.csv; sourceTree = SOURCE_ROOT; };
/* End PBXFileReference section */

/* Begin PBXFrameworksBuildPhase section */
		5CC682A322F1257600B42DC2 /* Frameworks */ = {
			isa = PBXFrameworksBuildPhase;
			buildActionMask = 2147483647;
			files = (
			);
			runOnlyForDeploymentPostprocessing = 0;
		};
/* End PBXFrameworksBuildPhase section */

/* Begin PBXGroup section */
		5C21617022F26A65007C31BB /* Extension */ = {
			isa = PBXGroup;
			children = (
				5C21C11422F196960066C82D /* CustomCorners.swift */,
			);
			path = Extension;
			sourceTree = "<group>";
		};
		5CC6829D22F1257600B42DC2 = {
			isa = PBXGroup;
			children = (
				5CC682A822F1257600B42DC2 /* AgendaPage */,
				5CC682A722F1257600B42DC2 /* Products */,
			);
			sourceTree = "<group>";
		};
		5CC682A722F1257600B42DC2 /* Products */ = {
			isa = PBXGroup;
			children = (
				5CC682A622F1257600B42DC2 /* AgendaPage.app */,
			);
			name = Products;
			sourceTree = "<group>";
		};
		5CC682A822F1257600B42DC2 /* AgendaPage */ = {
			isa = PBXGroup;
			children = (
				5CC682A922F1257600B42DC2 /* AppDelegate.swift */,
				5CC682C222F13C3D00B42DC2 /* Controller */,
				5CC682C122F13C2900B42DC2 /* Views */,
				5C21617022F26A65007C31BB /* Extension */,
				5CC682C322F13C4400B42DC2 /* DataModel */,
				5CC682B022F1257600B42DC2 /* Assets.xcassets */,
				5CC682B222F1257600B42DC2 /* LaunchScreen.storyboard */,
				5CC682B522F1257600B42DC2 /* Info.plist */,
				9950B731231746F7003AB9A7 /* agenda.csv */,
			);
			path = AgendaPage;
			sourceTree = "<group>";
		};
		5CC682C122F13C2900B42DC2 /* Views */ = {
			isa = PBXGroup;
			children = (
				5CC682AD22F1257600B42DC2 /* Main.storyboard */,
				5CC682BF22F13C1000B42DC2 /* AgendaTableViewCell.swift */,
			);
			path = Views;
			sourceTree = "<group>";
		};
		5CC682C222F13C3D00B42DC2 /* Controller */ = {
			isa = PBXGroup;
			children = (
				5CC682BD22F1287A00B42DC2 /* AgnedaTableViewController.swift */,
				9914AA8E23170D8400419C9B /* csv.swift */,
			);
			path = Controller;
			sourceTree = "<group>";
		};
		5CC682C322F13C4400B42DC2 /* DataModel */ = {
			isa = PBXGroup;
			children = (
				5CC682BB22F1263B00B42DC2 /* Agenda.swift */,
			);
			path = DataModel;
			sourceTree = "<group>";
		};
/* End PBXGroup section */

/* Begin PBXNativeTarget section */
		5CC682A522F1257600B42DC2 /* AgendaPage */ = {
			isa = PBXNativeTarget;
			buildConfigurationList = 5CC682B822F1257600B42DC2 /* Build configuration list for PBXNativeTarget "AgendaPage" */;
			buildPhases = (
				5CC682A222F1257600B42DC2 /* Sources */,
				5CC682A322F1257600B42DC2 /* Frameworks */,
				5CC682A422F1257600B42DC2 /* Resources */,
			);
			buildRules = (
			);
			dependencies = (
			);
			name = AgendaPage;
			productName = AgendaPage;
			productReference = 5CC682A622F1257600B42DC2 /* AgendaPage.app */;
			productType = "com.apple.product-type.application";
		};
/* End PBXNativeTarget section */

/* Begin PBXProject section */
		5CC6829E22F1257600B42DC2 /* Project object */ = {
			isa = PBXProject;
			attributes = {
				LastSwiftUpdateCheck = 1020;
				LastUpgradeCheck = 1020;
				ORGANIZATIONNAME = "Suhaib AlMutawakel";
				TargetAttributes = {
					5CC682A522F1257600B42DC2 = {
						CreatedOnToolsVersion = 10.2.1;
					};
				};
			};
			buildConfigurationList = 5CC682A122F1257600B42DC2 /* Build configuration list for PBXProject "AgendaPage" */;
			compatibilityVersion = "Xcode 9.3";
			developmentRegion = en;
			hasScannedForEncodings = 0;
			knownRegions = (
				en,
				Base,
			);
			mainGroup = 5CC6829D22F1257600B42DC2;
			productRefGroup = 5CC682A722F1257600B42DC2 /* Products */;
			projectDirPath = "";
			projectRoot = "";
			targets = (
				5CC682A522F1257600B42DC2 /* AgendaPage */,
			);
		};
/* End PBXProject section */

/* Begin PBXResourcesBuildPhase section */
		5CC682A422F1257600B42DC2 /* Resources */ = {
			isa = PBXResourcesBuildPhase;
			buildActionMask = 2147483647;
			files = (
				9950B732231746F7003AB9A7 /* agenda.csv in Resources */,
				5CC682B422F1257600B42DC2 /* LaunchScreen.storyboard in Resources */,
				5CC682B122F1257600B42DC2 /* Assets.xcassets in Resources */,
				5CC682AF22F1257600B42DC2 /* Main.storyboard in Resources */,
			);
			runOnlyForDeploymentPostprocessing = 0;
		};
/* End PBXResourcesBuildPhase section */

/* Begin PBXSourcesBuildPhase section */
		5CC682A222F1257600B42DC2 /* Sources */ = {
			isa = PBXSourcesBuildPhase;
			buildActionMask = 2147483647;
			files = (
				9914AA8F23170D8400419C9B /* csv.swift in Sources */,
				5CC682BE22F1287A00B42DC2 /* AgnedaTableViewController.swift in Sources */,
				5CC682BC22F1263C00B42DC2 /* Agenda.swift in Sources */,
				5CC682AA22F1257600B42DC2 /* AppDelegate.swift in Sources */,
				5CC682C022F13C1000B42DC2 /* AgendaTableViewCell.swift in Sources */,
				5C21C11522F196960066C82D /* CustomCorners.swift in Sources */,
			);
			runOnlyForDeploymentPostprocessing = 0;
		};
/* End PBXSourcesBuildPhase section */

/* Begin PBXVariantGroup section */
		5CC682AD22F1257600B42DC2 /* Main.storyboard */ = {
			isa = PBXVariantGroup;
			children = (
				5CC682AE22F1257600B42DC2 /* Base */,
			);
			name = Main.storyboard;
			sourceTree = "<group>";
		};
		5CC682B222F1257600B42DC2 /* LaunchScreen.storyboard */ = {
			isa = PBXVariantGroup;
			children = (
				5CC682B322F1257600B42DC2 /* Base */,
			);
			name = LaunchScreen.storyboard;
			sourceTree = "<group>";
		};
/* End PBXVariantGroup section */

/* Begin XCBuildConfiguration section */
		5CC682B622F1257600B42DC2 /* Debug */ = {
			isa = XCBuildConfiguration;
			buildSettings = {
				ALWAYS_SEARCH_USER_PATHS = NO;
				CLANG_ANALYZER_NONNULL = YES;
				CLANG_ANALYZER_NUMBER_OBJECT_CONVERSION = YES_AGGRESSIVE;
				CLANG_CXX_LANGUAGE_STANDARD = "gnu++14";
				CLANG_CXX_LIBRARY = "libc++";
				CLANG_ENABLE_MODULES = YES;
				CLANG_ENABLE_OBJC_ARC = YES;
				CLANG_ENABLE_OBJC_WEAK = YES;
				CLANG_WARN_BLOCK_CAPTURE_AUTORELEASING = YES;
				CLANG_WARN_BOOL_CONVERSION = YES;
				CLANG_WARN_COMMA = YES;
				CLANG_WARN_CONSTANT_CONVERSION = YES;
				CLANG_WARN_DEPRECATED_OBJC_IMPLEMENTATIONS = YES;
				CLANG_WARN_DIRECT_OBJC_ISA_USAGE = YES_ERROR;
				CLANG_WARN_DOCUMENTATION_COMMENTS = YES;
				CLANG_WARN_EMPTY_BODY = YES;
				CLANG_WARN_ENUM_CONVERSION = YES;
				CLANG_WARN_INFINITE_RECURSION = YES;
				CLANG_WARN_INT_CONVERSION = YES;
				CLANG_WARN_NON_LITERAL_NULL_CONVERSION = YES;
				CLANG_WARN_OBJC_IMPLICIT_RETAIN_SELF = YES;
				CLANG_WARN_OBJC_LITERAL_CONVERSION = YES;
				CLANG_WARN_OBJC_ROOT_CLASS = YES_ERROR;
				CLANG_WARN_RANGE_LOOP_ANALYSIS = YES;
				CLANG_WARN_STRICT_PROTOTYPES = YES;
				CLANG_WARN_SUSPICIOUS_MOVE = YES;
				CLANG_WARN_UNGUARDED_AVAILABILITY = YES_AGGRESSIVE;
				CLANG_WARN_UNREACHABLE_CODE = YES;
				CLANG_WARN__DUPLICATE_METHOD_MATCH = YES;
				CODE_SIGN_IDENTITY = "iPhone Developer";
				COPY_PHASE_STRIP = NO;
				DEBUG_INFORMATION_FORMAT = dwarf;
				ENABLE_STRICT_OBJC_MSGSEND = YES;
				ENABLE_TESTABILITY = YES;
				GCC_C_LANGUAGE_STANDARD = gnu11;
				GCC_DYNAMIC_NO_PIC = NO;
				GCC_NO_COMMON_BLOCKS = YES;
				GCC_OPTIMIZATION_LEVEL = 0;
				GCC_PREPROCESSOR_DEFINITIONS = (
					"DEBUG=1",
					"$(inherited)",
				);
				GCC_WARN_64_TO_32_BIT_CONVERSION = YES;
				GCC_WARN_ABOUT_RETURN_TYPE = YES_ERROR;
				GCC_WARN_UNDECLARED_SELECTOR = YES;
				GCC_WARN_UNINITIALIZED_AUTOS = YES_AGGRESSIVE;
				GCC_WARN_UNUSED_FUNCTION = YES;
				GCC_WARN_UNUSED_VARIABLE = YES;
				IPHONEOS_DEPLOYMENT_TARGET = 12.2;
				MTL_ENABLE_DEBUG_INFO = INCLUDE_SOURCE;
				MTL_FAST_MATH = YES;
				ONLY_ACTIVE_ARCH = YES;
				SDKROOT = iphoneos;
				SWIFT_ACTIVE_COMPILATION_CONDITIONS = DEBUG;
				SWIFT_OPTIMIZATION_LEVEL = "-Onone";
			};
			name = Debug;
		};
		5CC682B722F1257600B42DC2 /* Release */ = {
			isa = XCBuildConfiguration;
			buildSettings = {
				ALWAYS_SEARCH_USER_PATHS = NO;
				CLANG_ANALYZER_NONNULL = YES;
				CLANG_ANALYZER_NUMBER_OBJECT_CONVERSION = YES_AGGRESSIVE;
				CLANG_CXX_LANGUAGE_STANDARD = "gnu++14";
				CLANG_CXX_LIBRARY = "libc++";
				CLANG_ENABLE_MODULES = YES;
				CLANG_ENABLE_OBJC_ARC = YES;
				CLANG_ENABLE_OBJC_WEAK = YES;
				CLANG_WARN_BLOCK_CAPTURE_AUTORELEASING = YES;
				CLANG_WARN_BOOL_CONVERSION = YES;
				CLANG_WARN_COMMA = YES;
				CLANG_WARN_CONSTANT_CONVERSION = YES;
				CLANG_WARN_DEPRECATED_OBJC_IMPLEMENTATIONS = YES;
				CLANG_WARN_DIRECT_OBJC_ISA_USAGE = YES_ERROR;
				CLANG_WARN_DOCUMENTATION_COMMENTS = YES;
				CLANG_WARN_EMPTY_BODY = YES;
				CLANG_WARN_ENUM_CONVERSION = YES;
				CLANG_WARN_INFINITE_RECURSION = YES;
				CLANG_WARN_INT_CONVERSION = YES;
				CLANG_WARN_NON_LITERAL_NULL_CONVERSION = YES;
				CLANG_WARN_OBJC_IMPLICIT_RETAIN_SELF = YES;
				CLANG_WARN_OBJC_LITERAL_CONVERSION = YES;
				CLANG_WARN_OBJC_ROOT_CLASS = YES_ERROR;
				CLANG_WARN_RANGE_LOOP_ANALYSIS = YES;
				CLANG_WARN_STRICT_PROTOTYPES = YES;
				CLANG_WARN_SUSPICIOUS_MOVE = YES;
				CLANG_WARN_UNGUARDED_AVAILABILITY = YES_AGGRESSIVE;
				CLANG_WARN_UNREACHABLE_CODE = YES;
				CLANG_WARN__DUPLICATE_METHOD_MATCH = YES;
				CODE_SIGN_IDENTITY = "iPhone Developer";
				COPY_PHASE_STRIP = NO;
				DEBUG_INFORMATION_FORMAT = "dwarf-with-dsym";
				ENABLE_NS_ASSERTIONS = NO;
				ENABLE_STRICT_OBJC_MSGSEND = YES;
				GCC_C_LANGUAGE_STANDARD = gnu11;
				GCC_NO_COMMON_BLOCKS = YES;
				GCC_WARN_64_TO_32_BIT_CONVERSION = YES;
				GCC_WARN_ABOUT_RETURN_TYPE = YES_ERROR;
				GCC_WARN_UNDECLARED_SELECTOR = YES;
				GCC_WARN_UNINITIALIZED_AUTOS = YES_AGGRESSIVE;
				GCC_WARN_UNUSED_FUNCTION = YES;
				GCC_WARN_UNUSED_VARIABLE = YES;
				IPHONEOS_DEPLOYMENT_TARGET = 12.2;
				MTL_ENABLE_DEBUG_INFO = NO;
				MTL_FAST_MATH = YES;
				SDKROOT = iphoneos;
				SWIFT_COMPILATION_MODE = wholemodule;
				SWIFT_OPTIMIZATION_LEVEL = "-O";
				VALIDATE_PRODUCT = YES;
			};
			name = Release;
		};
		5CC682B922F1257600B42DC2 /* Debug */ = {
			isa = XCBuildConfiguration;
			buildSettings = {
				ASSETCATALOG_COMPILER_APPICON_NAME = AppIcon;
				CODE_SIGN_STYLE = Automatic;
				DEVELOPMENT_TEAM = UGWZJLXYWB;
				INFOPLIST_FILE = AgendaPage/Info.plist;
				LD_RUNPATH_SEARCH_PATHS = (
					"$(inherited)",
					"@executable_path/Frameworks",
				);
				PRODUCT_BUNDLE_IDENTIFIER = com.suhaibmutawakel.AgendaPage;
				PRODUCT_NAME = "$(TARGET_NAME)";
				SWIFT_VERSION = 5.0;
				TARGETED_DEVICE_FAMILY = "1,2";
			};
			name = Debug;
		};
		5CC682BA22F1257600B42DC2 /* Release */ = {
			isa = XCBuildConfiguration;
			buildSettings = {
				ASSETCATALOG_COMPILER_APPICON_NAME = AppIcon;
				CODE_SIGN_STYLE = Automatic;
				DEVELOPMENT_TEAM = UGWZJLXYWB;
				INFOPLIST_FILE = AgendaPage/Info.plist;
				LD_RUNPATH_SEARCH_PATHS = (
					"$(inherited)",
					"@executable_path/Frameworks",
				);
				PRODUCT_BUNDLE_IDENTIFIER = com.suhaibmutawakel.AgendaPage;
				PRODUCT_NAME = "$(TARGET_NAME)";
				SWIFT_VERSION = 5.0;
				TARGETED_DEVICE_FAMILY = "1,2";
			};
			name = Release;
		};
/* End XCBuildConfiguration section */

/* Begin XCConfigurationList section */
		5CC682A122F1257600B42DC2 /* Build configuration list for PBXProject "AgendaPage" */ = {
			isa = XCConfigurationList;
			buildConfigurations = (
				5CC682B622F1257600B42DC2 /* Debug */,
				5CC682B722F1257600B42DC2 /* Release */,
			);
			defaultConfigurationIsVisible = 0;
			defaultConfigurationName = Release;
		};
		5CC682B822F1257600B42DC2 /* Build configuration list for PBXNativeTarget "AgendaPage" */ = {
			isa = XCConfigurationList;
			buildConfigurations = (
				5CC682B922F1257600B42DC2 /* Debug */,
				5CC682BA22F1257600B42DC2 /* Release */,
			);
			defaultConfigurationIsVisible = 0;
			defaultConfigurationName = Release;
		};
/* End XCConfigurationList section */
	};
	rootObject = 5CC6829E22F1257600B42DC2 /* Project object */;
}
